// !$*UTF8*$!
{
	archiveVersion = 1;
	classes = {
	};
	objectVersion = 77;
	objects = {

/* Begin PBXBuildFile section */
		EFF65B3E2D5EC17E008FB114 /* GabSwiftUIKit.framework in Frameworks */ = {isa = PBXBuildFile; fileRef = EFF65B3D2D5EC17E008FB114 /* GabSwiftUIKit.framework */; };
		EFF65B3F2D5EC17E008FB114 /* GabSwiftUIKit.framework in Embed Frameworks */ = {isa = PBXBuildFile; fileRef = EFF65B3D2D5EC17E008FB114 /* GabSwiftUIKit.framework */; settings = {ATTRIBUTES = (CodeSignOnCopy, RemoveHeadersOnCopy, ); }; };
/* End PBXBuildFile section */

/* Begin PBXContainerItemProxy section */
		EF5212E62D5C655100AE30E6 /* PBXContainerItemProxy */ = {
			isa = PBXContainerItemProxy;
			containerPortal = EF5212CD2D5C654F00AE30E6 /* Project object */;
			proxyType = 1;
			remoteGlobalIDString = EF5212D42D5C654F00AE30E6;
			remoteInfo = GabSwiftUIKitDemo;
		};
		EF5212F02D5C655100AE30E6 /* PBXContainerItemProxy */ = {
			isa = PBXContainerItemProxy;
			containerPortal = EF5212CD2D5C654F00AE30E6 /* Project object */;
			proxyType = 1;
			remoteGlobalIDString = EF5212D42D5C654F00AE30E6;
			remoteInfo = GabSwiftUIKitDemo;
		};
/* End PBXContainerItemProxy section */

/* Begin PBXCopyFilesBuildPhase section */
		EFF65B402D5EC17F008FB114 /* Embed Frameworks */ = {
			isa = PBXCopyFilesBuildPhase;
			buildActionMask = 2147483647;
			dstPath = "";
			dstSubfolderSpec = 10;
			files = (
				EFF65B3F2D5EC17E008FB114 /* GabSwiftUIKit.framework in Embed Frameworks */,
			);
			name = "Embed Frameworks";
			runOnlyForDeploymentPostprocessing = 0;
		};
/* End PBXCopyFilesBuildPhase section */

/* Begin PBXFileReference section */
		EF5212D52D5C654F00AE30E6 /* GabSwiftUIKitDemo.app */ = {isa = PBXFileReference; explicitFileType = wrapper.application; includeInIndex = 0; path = GabSwiftUIKitDemo.app; sourceTree = BUILT_PRODUCTS_DIR; };
		EF5212E52D5C655100AE30E6 /* GabSwiftUIKitDemoTests.xctest */ = {isa = PBXFileReference; explicitFileType = wrapper.cfbundle; includeInIndex = 0; path = GabSwiftUIKitDemoTests.xctest; sourceTree = BUILT_PRODUCTS_DIR; };
		EF5212EF2D5C655100AE30E6 /* GabSwiftUIKitDemoUITests.xctest */ = {isa = PBXFileReference; explicitFileType = wrapper.cfbundle; includeInIndex = 0; path = GabSwiftUIKitDemoUITests.xctest; sourceTree = BUILT_PRODUCTS_DIR; };
		EFF65B3D2D5EC17E008FB114 /* GabSwiftUIKit.framework */ = {isa = PBXFileReference; explicitFileType = wrapper.framework; path = GabSwiftUIKit.framework; sourceTree = BUILT_PRODUCTS_DIR; };
/* End PBXFileReference section */

/* Begin PBXFileSystemSynchronizedRootGroup section */
		EF5212D72D5C654F00AE30E6 /* GabSwiftUIKitDemo */ = {
			isa = PBXFileSystemSynchronizedRootGroup;
			path = GabSwiftUIKitDemo;
			sourceTree = "<group>";
		};
		EF5212E82D5C655100AE30E6 /* GabSwiftUIKitDemoTests */ = {
			isa = PBXFileSystemSynchronizedRootGroup;
			path = GabSwiftUIKitDemoTests;
			sourceTree = "<group>";
		};
		EF5212F22D5C655100AE30E6 /* GabSwiftUIKitDemoUITests */ = {
			isa = PBXFileSystemSynchronizedRootGroup;
			path = GabSwiftUIKitDemoUITests;
			sourceTree = "<group>";
		};
/* End PBXFileSystemSynchronizedRootGroup section */

/* Begin PBXFrameworksBuildPhase section */
		EF5212D22D5C654F00AE30E6 /* Frameworks */ = {
			isa = PBXFrameworksBuildPhase;
			buildActionMask = 2147483647;
			files = (
				EFF65B3E2D5EC17E008FB114 /* GabSwiftUIKit.framework in Frameworks */,
			);
			runOnlyForDeploymentPostprocessing = 0;
		};
		EF5212E22D5C655100AE30E6 /* Frameworks */ = {
			isa = PBXFrameworksBuildPhase;
			buildActionMask = 2147483647;
			files = (
			);
			runOnlyForDeploymentPostprocessing = 0;
		};
		EF5212EC2D5C655100AE30E6 /* Frameworks */ = {
			isa = PBXFrameworksBuildPhase;
			buildActionMask = 2147483647;
			files = (
			);
			runOnlyForDeploymentPostprocessing = 0;
		};
/* End PBXFrameworksBuildPhase section */

/* Begin PBXGroup section */
		EF5212CC2D5C654F00AE30E6 = {
			isa = PBXGroup;
			children = (
				EF5212D72D5C654F00AE30E6 /* GabSwiftUIKitDemo */,
				EF5212E82D5C655100AE30E6 /* GabSwiftUIKitDemoTests */,
				EF5212F22D5C655100AE30E6 /* GabSwiftUIKitDemoUITests */,
				EFF65B3C2D5EC17E008FB114 /* Frameworks */,
				EF5212D62D5C654F00AE30E6 /* Products */,
			);
			sourceTree = "<group>";
		};
		EF5212D62D5C654F00AE30E6 /* Products */ = {
			isa = PBXGroup;
			children = (
				EF5212D52D5C654F00AE30E6 /* GabSwiftUIKitDemo.app */,
				EF5212E52D5C655100AE30E6 /* GabSwiftUIKitDemoTests.xctest */,
				EF5212EF2D5C655100AE30E6 /* GabSwiftUIKitDemoUITests.xctest */,
			);
			name = Products;
			sourceTree = "<group>";
		};
		EFF65B3C2D5EC17E008FB114 /* Frameworks */ = {
			isa = PBXGroup;
			children = (
				EFF65B3D2D5EC17E008FB114 /* GabSwiftUIKit.framework */,
			);
			name = Frameworks;
			sourceTree = "<group>";
		};
/* End PBXGroup section */

/* Begin PBXNativeTarget section */
		EF5212D42D5C654F00AE30E6 /* GabSwiftUIKitDemo */ = {
			isa = PBXNativeTarget;
			buildConfigurationList = EF5212F92D5C655100AE30E6 /* Build configuration list for PBXNativeTarget "GabSwiftUIKitDemo" */;
			buildPhases = (
				EF5212D12D5C654F00AE30E6 /* Sources */,
				EF5212D22D5C654F00AE30E6 /* Frameworks */,
				EF5212D32D5C654F00AE30E6 /* Resources */,
				EFF65B402D5EC17F008FB114 /* Embed Frameworks */,
			);
			buildRules = (
			);
			dependencies = (
			);
			fileSystemSynchronizedGroups = (
				EF5212D72D5C654F00AE30E6 /* GabSwiftUIKitDemo */,
			);
			name = GabSwiftUIKitDemo;
			packageProductDependencies = (
			);
			productName = GabSwiftUIKitDemo;
			productReference = EF5212D52D5C654F00AE30E6 /* GabSwiftUIKitDemo.app */;
			productType = "com.apple.product-type.application";
		};
		EF5212E42D5C655100AE30E6 /* GabSwiftUIKitDemoTests */ = {
			isa = PBXNativeTarget;
			buildConfigurationList = EF5212FC2D5C655100AE30E6 /* Build configuration list for PBXNativeTarget "GabSwiftUIKitDemoTests" */;
			buildPhases = (
				EF5212E12D5C655100AE30E6 /* Sources */,
				EF5212E22D5C655100AE30E6 /* Frameworks */,
				EF5212E32D5C655100AE30E6 /* Resources */,
			);
			buildRules = (
			);
			dependencies = (
				EF5212E72D5C655100AE30E6 /* PBXTargetDependency */,
			);
			fileSystemSynchronizedGroups = (
				EF5212E82D5C655100AE30E6 /* GabSwiftUIKitDemoTests */,
			);
			name = GabSwiftUIKitDemoTests;
			packageProductDependencies = (
			);
			productName = GabSwiftUIKitDemoTests;
			productReference = EF5212E52D5C655100AE30E6 /* GabSwiftUIKitDemoTests.xctest */;
			productType = "com.apple.product-type.bundle.unit-test";
		};
		EF5212EE2D5C655100AE30E6 /* GabSwiftUIKitDemoUITests */ = {
			isa = PBXNativeTarget;
			buildConfigurationList = EF5212FF2D5C655100AE30E6 /* Build configuration list for PBXNativeTarget "GabSwiftUIKitDemoUITests" */;
			buildPhases = (
				EF5212EB2D5C655100AE30E6 /* Sources */,
				EF5212EC2D5C655100AE30E6 /* Frameworks */,
				EF5212ED2D5C655100AE30E6 /* Resources */,
			);
			buildRules = (
			);
			dependencies = (
				EF5212F12D5C655100AE30E6 /* PBXTargetDependency */,
			);
			fileSystemSynchronizedGroups = (
				EF5212F22D5C655100AE30E6 /* GabSwiftUIKitDemoUITests */,
			);
			name = GabSwiftUIKitDemoUITests;
			packageProductDependencies = (
			);
			productName = GabSwiftUIKitDemoUITests;
			productReference = EF5212EF2D5C655100AE30E6 /* GabSwiftUIKitDemoUITests.xctest */;
			productType = "com.apple.product-type.bundle.ui-testing";
		};
/* End PBXNativeTarget section */

/* Begin PBXProject section */
		EF5212CD2D5C654F00AE30E6 /* Project object */ = {
			isa = PBXProject;
			attributes = {
				BuildIndependentTargetsInParallel = 1;
				LastSwiftUpdateCheck = 1600;
				LastUpgradeCheck = 1600;
				TargetAttributes = {
					EF5212D42D5C654F00AE30E6 = {
						CreatedOnToolsVersion = 16.0;
					};
					EF5212E42D5C655100AE30E6 = {
						CreatedOnToolsVersion = 16.0;
						TestTargetID = EF5212D42D5C654F00AE30E6;
					};
					EF5212EE2D5C655100AE30E6 = {
						CreatedOnToolsVersion = 16.0;
						TestTargetID = EF5212D42D5C654F00AE30E6;
					};
				};
			};
			buildConfigurationList = EF5212D02D5C654F00AE30E6 /* Build configuration list for PBXProject "GabSwiftUIKitDemo" */;
			developmentRegion = en;
			hasScannedForEncodings = 0;
			knownRegions = (
				en,
				Base,
			);
			mainGroup = EF5212CC2D5C654F00AE30E6;
			minimizedProjectReferenceProxies = 1;
			preferredProjectObjectVersion = 77;
			productRefGroup = EF5212D62D5C654F00AE30E6 /* Products */;
			projectDirPath = "";
			projectRoot = "";
			targets = (
				EF5212D42D5C654F00AE30E6 /* GabSwiftUIKitDemo */,
				EF5212E42D5C655100AE30E6 /* GabSwiftUIKitDemoTests */,
				EF5212EE2D5C655100AE30E6 /* GabSwiftUIKitDemoUITests */,
			);
		};
/* End PBXProject section */

/* Begin PBXResourcesBuildPhase section */
		EF5212D32D5C654F00AE30E6 /* Resources */ = {
			isa = PBXResourcesBuildPhase;
			buildActionMask = 2147483647;
			files = (
			);
			runOnlyForDeploymentPostprocessing = 0;
		};
		EF5212E32D5C655100AE30E6 /* Resources */ = {
			isa = PBXResourcesBuildPhase;
			buildActionMask = 2147483647;
			files = (
			);
			runOnlyForDeploymentPostprocessing = 0;
		};
		EF5212ED2D5C655100AE30E6 /* Resources */ = {
			isa = PBXResourcesBuildPhase;
			buildActionMask = 2147483647;
			files = (
			);
			runOnlyForDeploymentPostprocessing = 0;
		};
/* End PBXResourcesBuildPhase section */

/* Begin PBXSourcesBuildPhase section */
		EF5212D12D5C654F00AE30E6 /* Sources */ = {
			isa = PBXSourcesBuildPhase;
			buildActionMask = 2147483647;
			files = (
			);
			runOnlyForDeploymentPostprocessing = 0;
		};
		EF5212E12D5C655100AE30E6 /* Sources */ = {
			isa = PBXSourcesBuildPhase;
			buildActionMask = 2147483647;
			files = (
			);
			runOnlyForDeploymentPostprocessing = 0;
		};
		EF5212EB2D5C655100AE30E6 /* Sources */ = {
			isa = PBXSourcesBuildPhase;
			buildActionMask = 2147483647;
			files = (
			);
			runOnlyForDeploymentPostprocessing = 0;
		};
/* End PBXSourcesBuildPhase section */

/* Begin PBXTargetDependency section */
		EF5212E72D5C655100AE30E6 /* PBXTargetDependency */ = {
			isa = PBXTargetDependency;
			target = EF5212D42D5C654F00AE30E6 /* GabSwiftUIKitDemo */;
			targetProxy = EF5212E62D5C655100AE30E6 /* PBXContainerItemProxy */;
		};
		EF5212F12D5C655100AE30E6 /* PBXTargetDependency */ = {
			isa = PBXTargetDependency;
			target = EF5212D42D5C654F00AE30E6 /* GabSwiftUIKitDemo */;
			targetProxy = EF5212F02D5C655100AE30E6 /* PBXContainerItemProxy */;
		};
/* End PBXTargetDependency section */

/* Begin XCBuildConfiguration section */
		EF5212F72D5C655100AE30E6 /* Debug */ = {
			isa = XCBuildConfiguration;
			buildSettings = {
				ALWAYS_SEARCH_USER_PATHS = NO;
				ASSETCATALOG_COMPILER_GENERATE_SWIFT_ASSET_SYMBOL_EXTENSIONS = YES;
				CLANG_ANALYZER_NONNULL = YES;
				CLANG_ANALYZER_NUMBER_OBJECT_CONVERSION = YES_AGGRESSIVE;
				CLANG_CXX_LANGUAGE_STANDARD = "gnu++20";
				CLANG_ENABLE_MODULES = YES;
				CLANG_ENABLE_OBJC_ARC = YES;
				CLANG_ENABLE_OBJC_WEAK = YES;
				CLANG_WARN_BLOCK_CAPTURE_AUTORELEASING = YES;
				CLANG_WARN_BOOL_CONVERSION = YES;
				CLANG_WARN_COMMA = YES;
				CLANG_WARN_CONSTANT_CONVERSION = YES;
				CLANG_WARN_DEPRECATED_OBJC_IMPLEMENTATIONS = YES;
				CLANG_WARN_DIRECT_OBJC_ISA_USAGE = YES_ERROR;
				CLANG_WARN_DOCUMENTATION_COMMENTS = YES;
				CLANG_WARN_EMPTY_BODY = YES;
				CLANG_WARN_ENUM_CONVERSION = YES;
				CLANG_WARN_INFINITE_RECURSION = YES;
				CLANG_WARN_INT_CONVERSION = YES;
				CLANG_WARN_NON_LITERAL_NULL_CONVERSION = YES;
				CLANG_WARN_OBJC_IMPLICIT_RETAIN_SELF = YES;
				CLANG_WARN_OBJC_LITERAL_CONVERSION = YES;
				CLANG_WARN_OBJC_ROOT_CLASS = YES_ERROR;
				CLANG_WARN_QUOTED_INCLUDE_IN_FRAMEWORK_HEADER = YES;
				CLANG_WARN_RANGE_LOOP_ANALYSIS = YES;
				CLANG_WARN_STRICT_PROTOTYPES = YES;
				CLANG_WARN_SUSPICIOUS_MOVE = YES;
				CLANG_WARN_UNGUARDED_AVAILABILITY = YES_AGGRESSIVE;
				CLANG_WARN_UNREACHABLE_CODE = YES;
				CLANG_WARN__DUPLICATE_METHOD_MATCH = YES;
				COPY_PHASE_STRIP = NO;
				DEBUG_INFORMATION_FORMAT = dwarf;
				ENABLE_STRICT_OBJC_MSGSEND = YES;
				ENABLE_TESTABILITY = YES;
				ENABLE_USER_SCRIPT_SANDBOXING = YES;
				GCC_C_LANGUAGE_STANDARD = gnu17;
				GCC_DYNAMIC_NO_PIC = NO;
				GCC_NO_COMMON_BLOCKS = YES;
				GCC_OPTIMIZATION_LEVEL = 0;
				GCC_PREPROCESSOR_DEFINITIONS = (
					"DEBUG=1",
					"$(inherited)",
				);
				GCC_WARN_64_TO_32_BIT_CONVERSION = YES;
				GCC_WARN_ABOUT_RETURN_TYPE = YES_ERROR;
				GCC_WARN_UNDECLARED_SELECTOR = YES;
				GCC_WARN_UNINITIALIZED_AUTOS = YES_AGGRESSIVE;
				GCC_WARN_UNUSED_FUNCTION = YES;
				GCC_WARN_UNUSED_VARIABLE = YES;
				IPHONEOS_DEPLOYMENT_TARGET = 14.0;
				LOCALIZATION_PREFERS_STRING_CATALOGS = YES;
				MTL_ENABLE_DEBUG_INFO = INCLUDE_SOURCE;
				MTL_FAST_MATH = YES;
				ONLY_ACTIVE_ARCH = YES;
				SDKROOT = iphoneos;
				SWIFT_ACTIVE_COMPILATION_CONDITIONS = "DEBUG $(inherited)";
				SWIFT_OPTIMIZATION_LEVEL = "-Onone";
			};
			name = Debug;
		};
		EF5212F82D5C655100AE30E6 /* Release */ = {
			isa = XCBuildConfiguration;
			buildSettings = {
				ALWAYS_SEARCH_USER_PATHS = NO;
				ASSETCATALOG_COMPILER_GENERATE_SWIFT_ASSET_SYMBOL_EXTENSIONS = YES;
				CLANG_ANALYZER_NONNULL = YES;
				CLANG_ANALYZER_NUMBER_OBJECT_CONVERSION = YES_AGGRESSIVE;
				CLANG_CXX_LANGUAGE_STANDARD = "gnu++20";
				CLANG_ENABLE_MODULES = YES;
				CLANG_ENABLE_OBJC_ARC = YES;
				CLANG_ENABLE_OBJC_WEAK = YES;
				CLANG_WARN_BLOCK_CAPTURE_AUTORELEASING = YES;
				CLANG_WARN_BOOL_CONVERSION = YES;
				CLANG_WARN_COMMA = YES;
				CLANG_WARN_CONSTANT_CONVERSION = YES;
				CLANG_WARN_DEPRECATED_OBJC_IMPLEMENTATIONS = YES;
				CLANG_WARN_DIRECT_OBJC_ISA_USAGE = YES_ERROR;
				CLANG_WARN_DOCUMENTATION_COMMENTS = YES;
				CLANG_WARN_EMPTY_BODY = YES;
				CLANG_WARN_ENUM_CONVERSION = YES;
				CLANG_WARN_INFINITE_RECURSION = YES;
				CLANG_WARN_INT_CONVERSION = YES;
				CLANG_WARN_NON_LITERAL_NULL_CONVERSION = YES;
				CLANG_WARN_OBJC_IMPLICIT_RETAIN_SELF = YES;
				CLANG_WARN_OBJC_LITERAL_CONVERSION = YES;
				CLANG_WARN_OBJC_ROOT_CLASS = YES_ERROR;
				CLANG_WARN_QUOTED_INCLUDE_IN_FRAMEWORK_HEADER = YES;
				CLANG_WARN_RANGE_LOOP_ANALYSIS = YES;
				CLANG_WARN_STRICT_PROTOTYPES = YES;
				CLANG_WARN_SUSPICIOUS_MOVE = YES;
				CLANG_WARN_UNGUARDED_AVAILABILITY = YES_AGGRESSIVE;
				CLANG_WARN_UNREACHABLE_CODE = YES;
				CLANG_WARN__DUPLICATE_METHOD_MATCH = YES;
				COPY_PHASE_STRIP = NO;
				DEBUG_INFORMATION_FORMAT = "dwarf-with-dsym";
				ENABLE_NS_ASSERTIONS = NO;
				ENABLE_STRICT_OBJC_MSGSEND = YES;
				ENABLE_USER_SCRIPT_SANDBOXING = YES;
				GCC_C_LANGUAGE_STANDARD = gnu17;
				GCC_NO_COMMON_BLOCKS = YES;
				GCC_WARN_64_TO_32_BIT_CONVERSION = YES;
				GCC_WARN_ABOUT_RETURN_TYPE = YES_ERROR;
				GCC_WARN_UNDECLARED_SELECTOR = YES;
				GCC_WARN_UNINITIALIZED_AUTOS = YES_AGGRESSIVE;
				GCC_WARN_UNUSED_FUNCTION = YES;
				GCC_WARN_UNUSED_VARIABLE = YES;
				IPHONEOS_DEPLOYMENT_TARGET = 14.0;
				LOCALIZATION_PREFERS_STRING_CATALOGS = YES;
				MTL_ENABLE_DEBUG_INFO = NO;
				MTL_FAST_MATH = YES;
				SDKROOT = iphoneos;
				SWIFT_COMPILATION_MODE = wholemodule;
				VALIDATE_PRODUCT = YES;
			};
			name = Release;
		};
		EF5212FA2D5C655100AE30E6 /* Debug */ = {
			isa = XCBuildConfiguration;
			buildSettings = {
				ASSETCATALOG_COMPILER_APPICON_NAME = AppIcon;
				ASSETCATALOG_COMPILER_GLOBAL_ACCENT_COLOR_NAME = AccentColor;
				CODE_SIGN_STYLE = Automatic;
				CURRENT_PROJECT_VERSION = 1;
				DEVELOPMENT_ASSET_PATHS = "\"GabSwiftUIKitDemo/Preview Content\"";
				DEVELOPMENT_TEAM = JA868URLCA;
				ENABLE_PREVIEWS = YES;
				GENERATE_INFOPLIST_FILE = YES;
				INFOPLIST_KEY_UIApplicationSceneManifest_Generation = YES;
				INFOPLIST_KEY_UIApplicationSupportsIndirectInputEvents = YES;
				INFOPLIST_KEY_UILaunchScreen_Generation = YES;
				INFOPLIST_KEY_UISupportedInterfaceOrientations_iPad = "UIInterfaceOrientationPortrait UIInterfaceOrientationPortraitUpsideDown UIInterfaceOrientationLandscapeLeft UIInterfaceOrientationLandscapeRight";
				INFOPLIST_KEY_UISupportedInterfaceOrientations_iPhone = "UIInterfaceOrientationPortrait UIInterfaceOrientationLandscapeLeft UIInterfaceOrientationLandscapeRight";
				IPHONEOS_DEPLOYMENT_TARGET = 14.0;
				LD_RUNPATH_SEARCH_PATHS = (
					"$(inherited)",
					"@executable_path/Frameworks",
				);
				MARKETING_VERSION = 1.0;
				PRODUCT_BUNDLE_IDENTIFIER = com.SimSangGab.GabSwiftUIKitDemo;
				PRODUCT_NAME = "$(TARGET_NAME)";
				SWIFT_EMIT_LOC_STRINGS = YES;
				SWIFT_VERSION = 5.0;
				TARGETED_DEVICE_FAMILY = "1,2";
			};
			name = Debug;
		};
		EF5212FB2D5C655100AE30E6 /* Release */ = {
			isa = XCBuildConfiguration;
			buildSettings = {
				ASSETCATALOG_COMPILER_APPICON_NAME = AppIcon;
				ASSETCATALOG_COMPILER_GLOBAL_ACCENT_COLOR_NAME = AccentColor;
				CODE_SIGN_STYLE = Automatic;
				CURRENT_PROJECT_VERSION = 1;
				DEVELOPMENT_ASSET_PATHS = "\"GabSwiftUIKitDemo/Preview Content\"";
				DEVELOPMENT_TEAM = JA868URLCA;
				ENABLE_PREVIEWS = YES;
				GENERATE_INFOPLIST_FILE = YES;
				INFOPLIST_KEY_UIApplicationSceneManifest_Generation = YES;
				INFOPLIST_KEY_UIApplicationSupportsIndirectInputEvents = YES;
				INFOPLIST_KEY_UILaunchScreen_Generation = YES;
				INFOPLIST_KEY_UISupportedInterfaceOrientations_iPad = "UIInterfaceOrientationPortrait UIInterfaceOrientationPortraitUpsideDown UIInterfaceOrientationLandscapeLeft UIInterfaceOrientationLandscapeRight";
				INFOPLIST_KEY_UISupportedInterfaceOrientations_iPhone = "UIInterfaceOrientationPortrait UIInterfaceOrientationLandscapeLeft UIInterfaceOrientationLandscapeRight";
				IPHONEOS_DEPLOYMENT_TARGET = 14.0;
				LD_RUNPATH_SEARCH_PATHS = (
					"$(inherited)",
					"@executable_path/Frameworks",
				);
				MARKETING_VERSION = 1.0;
				PRODUCT_BUNDLE_IDENTIFIER = com.SimSangGab.GabSwiftUIKitDemo;
				PRODUCT_NAME = "$(TARGET_NAME)";
				SWIFT_EMIT_LOC_STRINGS = YES;
				SWIFT_VERSION = 5.0;
				TARGETED_DEVICE_FAMILY = "1,2";
			};
			name = Release;
		};
		EF5212FD2D5C655100AE30E6 /* Debug */ = {
			isa = XCBuildConfiguration;
			buildSettings = {
				BUNDLE_LOADER = "$(TEST_HOST)";
				CODE_SIGN_STYLE = Automatic;
				CURRENT_PROJECT_VERSION = 1;
				DEVELOPMENT_TEAM = JA868URLCA;
				GENERATE_INFOPLIST_FILE = YES;
				IPHONEOS_DEPLOYMENT_TARGET = 14.0;
				MARKETING_VERSION = 1.0;
				PRODUCT_BUNDLE_IDENTIFIER = com.SimSangGab.GabSwiftUIKitDemoTests;
				PRODUCT_NAME = "$(TARGET_NAME)";
				SWIFT_EMIT_LOC_STRINGS = NO;
				SWIFT_VERSION = 5.0;
				TARGETED_DEVICE_FAMILY = "1,2";
				TEST_HOST = "$(BUILT_PRODUCTS_DIR)/GabSwiftUIKitDemo.app/$(BUNDLE_EXECUTABLE_FOLDER_PATH)/GabSwiftUIKitDemo";
			};
			name = Debug;
		};
		EF5212FE2D5C655100AE30E6 /* Release */ = {
			isa = XCBuildConfiguration;
			buildSettings = {
				BUNDLE_LOADER = "$(TEST_HOST)";
				CODE_SIGN_STYLE = Automatic;
				CURRENT_PROJECT_VERSION = 1;
				DEVELOPMENT_TEAM = JA868URLCA;
				GENERATE_INFOPLIST_FILE = YES;
				IPHONEOS_DEPLOYMENT_TARGET = 14.0;
				MARKETING_VERSION = 1.0;
				PRODUCT_BUNDLE_IDENTIFIER = com.SimSangGab.GabSwiftUIKitDemoTests;
				PRODUCT_NAME = "$(TARGET_NAME)";
				SWIFT_EMIT_LOC_STRINGS = NO;
				SWIFT_VERSION = 5.0;
				TARGETED_DEVICE_FAMILY = "1,2";
				TEST_HOST = "$(BUILT_PRODUCTS_DIR)/GabSwiftUIKitDemo.app/$(BUNDLE_EXECUTABLE_FOLDER_PATH)/GabSwiftUIKitDemo";
			};
			name = Release;
		};
		EF5213002D5C655100AE30E6 /* Debug */ = {
			isa = XCBuildConfiguration;
			buildSettings = {
				CODE_SIGN_STYLE = Automatic;
				CURRENT_PROJECT_VERSION = 1;
				DEVELOPMENT_TEAM = JA868URLCA;
				GENERATE_INFOPLIST_FILE = YES;
				MARKETING_VERSION = 1.0;
				PRODUCT_BUNDLE_IDENTIFIER = com.SimSangGab.GabSwiftUIKitDemoUITests;
				PRODUCT_NAME = "$(TARGET_NAME)";
				SWIFT_EMIT_LOC_STRINGS = NO;
				SWIFT_VERSION = 5.0;
				TARGETED_DEVICE_FAMILY = "1,2";
				TEST_TARGET_NAME = GabSwiftUIKitDemo;
			};
			name = Debug;
		};
		EF5213012D5C655100AE30E6 /* Release */ = {
			isa = XCBuildConfiguration;
			buildSettings = {
				CODE_SIGN_STYLE = Automatic;
				CURRENT_PROJECT_VERSION = 1;
				DEVELOPMENT_TEAM = JA868URLCA;
				GENERATE_INFOPLIST_FILE = YES;
				MARKETING_VERSION = 1.0;
				PRODUCT_BUNDLE_IDENTIFIER = com.SimSangGab.GabSwiftUIKitDemoUITests;
				PRODUCT_NAME = "$(TARGET_NAME)";
				SWIFT_EMIT_LOC_STRINGS = NO;
				SWIFT_VERSION = 5.0;
				TARGETED_DEVICE_FAMILY = "1,2";
				TEST_TARGET_NAME = GabSwiftUIKitDemo;
			};
			name = Release;
		};
/* End XCBuildConfiguration section */

/* Begin XCConfigurationList section */
		EF5212D02D5C654F00AE30E6 /* Build configuration list for PBXProject "GabSwiftUIKitDemo" */ = {
			isa = XCConfigurationList;
			buildConfigurations = (
				EF5212F72D5C655100AE30E6 /* Debug */,
				EF5212F82D5C655100AE30E6 /* Release */,
			);
			defaultConfigurationIsVisible = 0;
			defaultConfigurationName = Release;
		};
		EF5212F92D5C655100AE30E6 /* Build configuration list for PBXNativeTarget "GabSwiftUIKitDemo" */ = {
			isa = XCConfigurationList;
			buildConfigurations = (
				EF5212FA2D5C655100AE30E6 /* Debug */,
				EF5212FB2D5C655100AE30E6 /* Release */,
			);
			defaultConfigurationIsVisible = 0;
			defaultConfigurationName = Release;
		};
		EF5212FC2D5C655100AE30E6 /* Build configuration list for PBXNativeTarget "GabSwiftUIKitDemoTests" */ = {
			isa = XCConfigurationList;
			buildConfigurations = (
				EF5212FD2D5C655100AE30E6 /* Debug */,
				EF5212FE2D5C655100AE30E6 /* Release */,
			);
			defaultConfigurationIsVisible = 0;
			defaultConfigurationName = Release;
		};
		EF5212FF2D5C655100AE30E6 /* Build configuration list for PBXNativeTarget "GabSwiftUIKitDemoUITests" */ = {
			isa = XCConfigurationList;
			buildConfigurations = (
				EF5213002D5C655100AE30E6 /* Debug */,
				EF5213012D5C655100AE30E6 /* Release */,
			);
			defaultConfigurationIsVisible = 0;
			defaultConfigurationName = Release;
		};
/* End XCConfigurationList section */
	};
	rootObject = EF5212CD2D5C654F00AE30E6 /* Project object */;
}
