// !$*UTF8*$!
{
	archiveVersion = 1;
	classes = {
	};
	objectVersion = 77;
	objects = {

/* Begin PBXBuildFile section */
		EF52132F2D5C65C700AE30E6 /* GabSwiftUIKit.framework in Frameworks */ = {isa = PBXBuildFile; fileRef = EF5213252D5C65C700AE30E6 /* GabSwiftUIKit.framework */; };
		EF5213482D5C694900AE30E6 /* GabSwiftUIKit.swift in Sources */ = {isa = PBXBuildFile; fileRef = EF5213452D5C694900AE30E6 /* GabSwiftUIKit.swift */; };
		EF52138A2D5C698E00AE30E6 /* GabSwiftUIKitTests.swift in Sources */ = {isa = PBXBuildFile; fileRef = EF5213872D5C698E00AE30E6 /* GabSwiftUIKitTests.swift */; };
		EF5213CF2D5C6E5800AE30E6 /* GabSwiftUIKit.docc in Sources */ = {isa = PBXBuildFile; fileRef = EF5213CE2D5C6E5800AE30E6 /* GabSwiftUIKit.docc */; };
/* End PBXBuildFile section */

/* Begin PBXContainerItemProxy section */
		EF5213302D5C65C700AE30E6 /* PBXContainerItemProxy */ = {
			isa = PBXContainerItemProxy;
			containerPortal = EF5212652D5C64F700AE30E6 /* Project object */;
			proxyType = 1;
			remoteGlobalIDString = EF5213242D5C65C700AE30E6;
			remoteInfo = GabSwiftUIKit;
		};
/* End PBXContainerItemProxy section */

/* Begin PBXFileReference section */
		EF5213252D5C65C700AE30E6 /* GabSwiftUIKit.framework */ = {isa = PBXFileReference; explicitFileType = wrapper.framework; includeInIndex = 0; path = GabSwiftUIKit.framework; sourceTree = BUILT_PRODUCTS_DIR; };
		EF52132E2D5C65C700AE30E6 /* GabSwiftUIKitTests.xctest */ = {isa = PBXFileReference; explicitFileType = wrapper.cfbundle; includeInIndex = 0; path = GabSwiftUIKitTests.xctest; sourceTree = BUILT_PRODUCTS_DIR; };
		EF5213452D5C694900AE30E6 /* GabSwiftUIKit.swift */ = {isa = PBXFileReference; lastKnownFileType = sourcecode.swift; path = GabSwiftUIKit.swift; sourceTree = "<group>"; };
		EF5213872D5C698E00AE30E6 /* GabSwiftUIKitTests.swift */ = {isa = PBXFileReference; lastKnownFileType = sourcecode.swift; path = GabSwiftUIKitTests.swift; sourceTree = "<group>"; };
		EF5213CE2D5C6E5800AE30E6 /* GabSwiftUIKit.docc */ = {isa = PBXFileReference; lastKnownFileType = folder.documentationcatalog; path = GabSwiftUIKit.docc; sourceTree = "<group>"; };
/* End PBXFileReference section */

/* Begin PBXFileSystemSynchronizedRootGroup section */
		EF1A1D422D5C7398001DB013 /* Protocol */ = {
			isa = PBXFileSystemSynchronizedRootGroup;
			path = Protocol;
			sourceTree = "<group>";
		};
		EF2651402D5D83100049061F /* ViewRepresentable */ = {
			isa = PBXFileSystemSynchronizedRootGroup;
			path = ViewRepresentable;
			sourceTree = "<group>";
		};
		EF2651432D5D83CB0049061F /* CustomViewModifier */ = {
			isa = PBXFileSystemSynchronizedRootGroup;
			path = CustomViewModifier;
			sourceTree = "<group>";
		};
		EF2651462D5D84A80049061F /* ViewExtension */ = {
			isa = PBXFileSystemSynchronizedRootGroup;
			path = ViewExtension;
			sourceTree = "<group>";
		};
/* End PBXFileSystemSynchronizedRootGroup section */

/* Begin PBXFrameworksBuildPhase section */
		EF5213222D5C65C700AE30E6 /* Frameworks */ = {
			isa = PBXFrameworksBuildPhase;
			buildActionMask = 2147483647;
			files = (
			);
			runOnlyForDeploymentPostprocessing = 0;
		};
		EF52132B2D5C65C700AE30E6 /* Frameworks */ = {
			isa = PBXFrameworksBuildPhase;
			buildActionMask = 2147483647;
			files = (
				EF52132F2D5C65C700AE30E6 /* GabSwiftUIKit.framework in Frameworks */,
			);
			runOnlyForDeploymentPostprocessing = 0;
		};
/* End PBXFrameworksBuildPhase section */

/* Begin PBXGroup section */
		EF5212642D5C64F700AE30E6 = {
			isa = PBXGroup;
			children = (
				EF5213CE2D5C6E5800AE30E6 /* GabSwiftUIKit.docc */,
				EF5213472D5C694900AE30E6 /* Sources */,
				EF5213892D5C698E00AE30E6 /* Tests */,
				EF52126E2D5C64F700AE30E6 /* Products */,
			);
			sourceTree = "<group>";
		};
		EF52126E2D5C64F700AE30E6 /* Products */ = {
			isa = PBXGroup;
			children = (
				EF5213252D5C65C700AE30E6 /* GabSwiftUIKit.framework */,
				EF52132E2D5C65C700AE30E6 /* GabSwiftUIKitTests.xctest */,
			);
			name = Products;
			sourceTree = "<group>";
		};
		EF5213462D5C694900AE30E6 /* GabSwiftUIKit */ = {
			isa = PBXGroup;
			children = (
				EF5213452D5C694900AE30E6 /* GabSwiftUIKit.swift */,
			);
			path = GabSwiftUIKit;
			sourceTree = "<group>";
		};
		EF5213472D5C694900AE30E6 /* Sources */ = {
			isa = PBXGroup;
			children = (
				EF2651462D5D84A80049061F /* ViewExtension */,
				EF2651432D5D83CB0049061F /* CustomViewModifier */,
				EF2651402D5D83100049061F /* ViewRepresentable */,
				EF1A1D422D5C7398001DB013 /* Protocol */,
				EF5213462D5C694900AE30E6 /* GabSwiftUIKit */,
			);
			path = Sources;
			sourceTree = "<group>";
		};
		EF5213882D5C698E00AE30E6 /* GabSwiftUIKitTests */ = {
			isa = PBXGroup;
			children = (
				EF5213872D5C698E00AE30E6 /* GabSwiftUIKitTests.swift */,
			);
			path = GabSwiftUIKitTests;
			sourceTree = "<group>";
		};
		EF5213892D5C698E00AE30E6 /* Tests */ = {
			isa = PBXGroup;
			children = (
				EF5213882D5C698E00AE30E6 /* GabSwiftUIKitTests */,
			);
			path = Tests;
			sourceTree = "<group>";
		};
/* End PBXGroup section */

/* Begin PBXHeadersBuildPhase section */
		EF5213202D5C65C700AE30E6 /* Headers */ = {
			isa = PBXHeadersBuildPhase;
			buildActionMask = 2147483647;
			files = (
			);
			runOnlyForDeploymentPostprocessing = 0;
		};
/* End PBXHeadersBuildPhase section */

/* Begin PBXNativeTarget section */
		EF5213242D5C65C700AE30E6 /* GabSwiftUIKit */ = {
			isa = PBXNativeTarget;
			buildConfigurationList = EF5213372D5C65C700AE30E6 /* Build configuration list for PBXNativeTarget "GabSwiftUIKit" */;
			buildPhases = (
				EF5213202D5C65C700AE30E6 /* Headers */,
				EF5213212D5C65C700AE30E6 /* Sources */,
				EF5213222D5C65C700AE30E6 /* Frameworks */,
				EF5213232D5C65C700AE30E6 /* Resources */,
			);
			buildRules = (
			);
			dependencies = (
			);
			fileSystemSynchronizedGroups = (
				EF1A1D422D5C7398001DB013 /* Protocol */,
				EF2651402D5D83100049061F /* ViewRepresentable */,
				EF2651432D5D83CB0049061F /* CustomViewModifier */,
				EF2651462D5D84A80049061F /* ViewExtension */,
			);
			name = GabSwiftUIKit;
			packageProductDependencies = (
			);
			productName = GabSwiftUIKit;
			productReference = EF5213252D5C65C700AE30E6 /* GabSwiftUIKit.framework */;
			productType = "com.apple.product-type.framework";
		};
		EF52132D2D5C65C700AE30E6 /* GabSwiftUIKitTests */ = {
			isa = PBXNativeTarget;
			buildConfigurationList = EF52133A2D5C65C700AE30E6 /* Build configuration list for PBXNativeTarget "GabSwiftUIKitTests" */;
			buildPhases = (
				EF52132A2D5C65C700AE30E6 /* Sources */,
				EF52132B2D5C65C700AE30E6 /* Frameworks */,
				EF52132C2D5C65C700AE30E6 /* Resources */,
			);
			buildRules = (
			);
			dependencies = (
				EF5213312D5C65C700AE30E6 /* PBXTargetDependency */,
			);
			name = GabSwiftUIKitTests;
			packageProductDependencies = (
			);
			productName = GabSwiftUIKitTests;
			productReference = EF52132E2D5C65C700AE30E6 /* GabSwiftUIKitTests.xctest */;
			productType = "com.apple.product-type.bundle.unit-test";
		};
/* End PBXNativeTarget section */

/* Begin PBXProject section */
		EF5212652D5C64F700AE30E6 /* Project object */ = {
			isa = PBXProject;
			attributes = {
				BuildIndependentTargetsInParallel = 1;
				LastSwiftUpdateCheck = 1600;
				LastUpgradeCheck = 1600;
				TargetAttributes = {
					EF5213242D5C65C700AE30E6 = {
						CreatedOnToolsVersion = 16.0;
						LastSwiftMigration = 1600;
					};
					EF52132D2D5C65C700AE30E6 = {
						CreatedOnToolsVersion = 16.0;
					};
				};
			};
			buildConfigurationList = EF5212682D5C64F700AE30E6 /* Build configuration list for PBXProject "GabSwiftUIKit" */;
			developmentRegion = en;
			hasScannedForEncodings = 0;
			knownRegions = (
				en,
				Base,
			);
			mainGroup = EF5212642D5C64F700AE30E6;
			minimizedProjectReferenceProxies = 1;
			preferredProjectObjectVersion = 77;
			productRefGroup = EF52126E2D5C64F700AE30E6 /* Products */;
			projectDirPath = "";
			projectRoot = "";
			targets = (
				EF5213242D5C65C700AE30E6 /* GabSwiftUIKit */,
				EF52132D2D5C65C700AE30E6 /* GabSwiftUIKitTests */,
			);
		};
/* End PBXProject section */

/* Begin PBXResourcesBuildPhase section */
		EF5213232D5C65C700AE30E6 /* Resources */ = {
			isa = PBXResourcesBuildPhase;
			buildActionMask = 2147483647;
			files = (
			);
			runOnlyForDeploymentPostprocessing = 0;
		};
		EF52132C2D5C65C700AE30E6 /* Resources */ = {
			isa = PBXResourcesBuildPhase;
			buildActionMask = 2147483647;
			files = (
			);
			runOnlyForDeploymentPostprocessing = 0;
		};
/* End PBXResourcesBuildPhase section */

/* Begin PBXSourcesBuildPhase section */
		EF5213212D5C65C700AE30E6 /* Sources */ = {
			isa = PBXSourcesBuildPhase;
			buildActionMask = 2147483647;
			files = (
				EF5213CF2D5C6E5800AE30E6 /* GabSwiftUIKit.docc in Sources */,
				EF5213482D5C694900AE30E6 /* GabSwiftUIKit.swift in Sources */,
			);
			runOnlyForDeploymentPostprocessing = 0;
		};
		EF52132A2D5C65C700AE30E6 /* Sources */ = {
			isa = PBXSourcesBuildPhase;
			buildActionMask = 2147483647;
			files = (
				EF52138A2D5C698E00AE30E6 /* GabSwiftUIKitTests.swift in Sources */,
			);
			runOnlyForDeploymentPostprocessing = 0;
		};
/* End PBXSourcesBuildPhase section */

/* Begin PBXTargetDependency section */
		EF5213312D5C65C700AE30E6 /* PBXTargetDependency */ = {
			isa = PBXTargetDependency;
			target = EF5213242D5C65C700AE30E6 /* GabSwiftUIKit */;
			targetProxy = EF5213302D5C65C700AE30E6 /* PBXContainerItemProxy */;
		};
/* End PBXTargetDependency section */

/* Begin XCBuildConfiguration section */
		EF52128F2D5C64F900AE30E6 /* Debug */ = {
			isa = XCBuildConfiguration;
			buildSettings = {
				ALWAYS_SEARCH_USER_PATHS = NO;
				ASSETCATALOG_COMPILER_GENERATE_SWIFT_ASSET_SYMBOL_EXTENSIONS = YES;
				CLANG_ANALYZER_NONNULL = YES;
				CLANG_ANALYZER_NUMBER_OBJECT_CONVERSION = YES_AGGRESSIVE;
				CLANG_CXX_LANGUAGE_STANDARD = "gnu++20";
				CLANG_ENABLE_MODULES = YES;
				CLANG_ENABLE_OBJC_ARC = YES;
				CLANG_ENABLE_OBJC_WEAK = YES;
				CLANG_WARN_BLOCK_CAPTURE_AUTORELEASING = YES;
				CLANG_WARN_BOOL_CONVERSION = YES;
				CLANG_WARN_COMMA = YES;
				CLANG_WARN_CONSTANT_CONVERSION = YES;
				CLANG_WARN_DEPRECATED_OBJC_IMPLEMENTATIONS = YES;
				CLANG_WARN_DIRECT_OBJC_ISA_USAGE = YES_ERROR;
				CLANG_WARN_DOCUMENTATION_COMMENTS = YES;
				CLANG_WARN_EMPTY_BODY = YES;
				CLANG_WARN_ENUM_CONVERSION = YES;
				CLANG_WARN_INFINITE_RECURSION = YES;
				CLANG_WARN_INT_CONVERSION = YES;
				CLANG_WARN_NON_LITERAL_NULL_CONVERSION = YES;
				CLANG_WARN_OBJC_IMPLICIT_RETAIN_SELF = YES;
				CLANG_WARN_OBJC_LITERAL_CONVERSION = YES;
				CLANG_WARN_OBJC_ROOT_CLASS = YES_ERROR;
				CLANG_WARN_QUOTED_INCLUDE_IN_FRAMEWORK_HEADER = YES;
				CLANG_WARN_RANGE_LOOP_ANALYSIS = YES;
				CLANG_WARN_STRICT_PROTOTYPES = YES;
				CLANG_WARN_SUSPICIOUS_MOVE = YES;
				CLANG_WARN_UNGUARDED_AVAILABILITY = YES_AGGRESSIVE;
				CLANG_WARN_UNREACHABLE_CODE = YES;
				CLANG_WARN__DUPLICATE_METHOD_MATCH = YES;
				COPY_PHASE_STRIP = NO;
				DEBUG_INFORMATION_FORMAT = dwarf;
				ENABLE_STRICT_OBJC_MSGSEND = YES;
				ENABLE_TESTABILITY = YES;
				ENABLE_USER_SCRIPT_SANDBOXING = YES;
				GCC_C_LANGUAGE_STANDARD = gnu17;
				GCC_DYNAMIC_NO_PIC = NO;
				GCC_NO_COMMON_BLOCKS = YES;
				GCC_OPTIMIZATION_LEVEL = 0;
				GCC_PREPROCESSOR_DEFINITIONS = (
					"DEBUG=1",
					"$(inherited)",
				);
				GCC_WARN_64_TO_32_BIT_CONVERSION = YES;
				GCC_WARN_ABOUT_RETURN_TYPE = YES_ERROR;
				GCC_WARN_UNDECLARED_SELECTOR = YES;
				GCC_WARN_UNINITIALIZED_AUTOS = YES_AGGRESSIVE;
				GCC_WARN_UNUSED_FUNCTION = YES;
				GCC_WARN_UNUSED_VARIABLE = YES;
				IPHONEOS_DEPLOYMENT_TARGET = 14.0;
				LOCALIZATION_PREFERS_STRING_CATALOGS = YES;
				MTL_ENABLE_DEBUG_INFO = INCLUDE_SOURCE;
				MTL_FAST_MATH = YES;
				ONLY_ACTIVE_ARCH = YES;
				SDKROOT = iphoneos;
				SWIFT_ACTIVE_COMPILATION_CONDITIONS = "DEBUG $(inherited)";
				SWIFT_OPTIMIZATION_LEVEL = "-Onone";
			};
			name = Debug;
		};
		EF5212902D5C64F900AE30E6 /* Release */ = {
			isa = XCBuildConfiguration;
			buildSettings = {
				ALWAYS_SEARCH_USER_PATHS = NO;
				ASSETCATALOG_COMPILER_GENERATE_SWIFT_ASSET_SYMBOL_EXTENSIONS = YES;
				CLANG_ANALYZER_NONNULL = YES;
				CLANG_ANALYZER_NUMBER_OBJECT_CONVERSION = YES_AGGRESSIVE;
				CLANG_CXX_LANGUAGE_STANDARD = "gnu++20";
				CLANG_ENABLE_MODULES = YES;
				CLANG_ENABLE_OBJC_ARC = YES;
				CLANG_ENABLE_OBJC_WEAK = YES;
				CLANG_WARN_BLOCK_CAPTURE_AUTORELEASING = YES;
				CLANG_WARN_BOOL_CONVERSION = YES;
				CLANG_WARN_COMMA = YES;
				CLANG_WARN_CONSTANT_CONVERSION = YES;
				CLANG_WARN_DEPRECATED_OBJC_IMPLEMENTATIONS = YES;
				CLANG_WARN_DIRECT_OBJC_ISA_USAGE = YES_ERROR;
				CLANG_WARN_DOCUMENTATION_COMMENTS = YES;
				CLANG_WARN_EMPTY_BODY = YES;
				CLANG_WARN_ENUM_CONVERSION = YES;
				CLANG_WARN_INFINITE_RECURSION = YES;
				CLANG_WARN_INT_CONVERSION = YES;
				CLANG_WARN_NON_LITERAL_NULL_CONVERSION = YES;
				CLANG_WARN_OBJC_IMPLICIT_RETAIN_SELF = YES;
				CLANG_WARN_OBJC_LITERAL_CONVERSION = YES;
				CLANG_WARN_OBJC_ROOT_CLASS = YES_ERROR;
				CLANG_WARN_QUOTED_INCLUDE_IN_FRAMEWORK_HEADER = YES;
				CLANG_WARN_RANGE_LOOP_ANALYSIS = YES;
				CLANG_WARN_STRICT_PROTOTYPES = YES;
				CLANG_WARN_SUSPICIOUS_MOVE = YES;
				CLANG_WARN_UNGUARDED_AVAILABILITY = YES_AGGRESSIVE;
				CLANG_WARN_UNREACHABLE_CODE = YES;
				CLANG_WARN__DUPLICATE_METHOD_MATCH = YES;
				COPY_PHASE_STRIP = NO;
				DEBUG_INFORMATION_FORMAT = "dwarf-with-dsym";
				ENABLE_NS_ASSERTIONS = NO;
				ENABLE_STRICT_OBJC_MSGSEND = YES;
				ENABLE_USER_SCRIPT_SANDBOXING = YES;
				GCC_C_LANGUAGE_STANDARD = gnu17;
				GCC_NO_COMMON_BLOCKS = YES;
				GCC_WARN_64_TO_32_BIT_CONVERSION = YES;
				GCC_WARN_ABOUT_RETURN_TYPE = YES_ERROR;
				GCC_WARN_UNDECLARED_SELECTOR = YES;
				GCC_WARN_UNINITIALIZED_AUTOS = YES_AGGRESSIVE;
				GCC_WARN_UNUSED_FUNCTION = YES;
				GCC_WARN_UNUSED_VARIABLE = YES;
				IPHONEOS_DEPLOYMENT_TARGET = 14.0;
				LOCALIZATION_PREFERS_STRING_CATALOGS = YES;
				MTL_ENABLE_DEBUG_INFO = NO;
				MTL_FAST_MATH = YES;
				SDKROOT = iphoneos;
				SWIFT_COMPILATION_MODE = wholemodule;
				VALIDATE_PRODUCT = YES;
			};
			name = Release;
		};
		EF5213382D5C65C700AE30E6 /* Debug */ = {
			isa = XCBuildConfiguration;
			buildSettings = {
				BUILD_LIBRARY_FOR_DISTRIBUTION = YES;
				CLANG_ENABLE_MODULES = YES;
				CODE_SIGN_STYLE = Automatic;
				CURRENT_PROJECT_VERSION = 1;
				DEFINES_MODULE = YES;
				DEVELOPMENT_TEAM = JA868URLCA;
				DYLIB_COMPATIBILITY_VERSION = 1;
				DYLIB_CURRENT_VERSION = 1;
				DYLIB_INSTALL_NAME_BASE = "@rpath";
				ENABLE_MODULE_VERIFIER = YES;
				GENERATE_INFOPLIST_FILE = YES;
				INFOPLIST_KEY_NSHumanReadableCopyright = "";
				INSTALL_PATH = "$(LOCAL_LIBRARY_DIR)/Frameworks";
				LD_RUNPATH_SEARCH_PATHS = (
					"$(inherited)",
					"@executable_path/Frameworks",
					"@loader_path/Frameworks",
				);
				MARKETING_VERSION = 1.0;
				MODULE_VERIFIER_SUPPORTED_LANGUAGES = "objective-c objective-c++";
				MODULE_VERIFIER_SUPPORTED_LANGUAGE_STANDARDS = "gnu17 gnu++20";
				PRODUCT_BUNDLE_IDENTIFIER = com.SimSangGab.GabSwiftUIKit;
				PRODUCT_NAME = "$(TARGET_NAME:c99extidentifier)";
				SKIP_INSTALL = YES;
				SWIFT_EMIT_LOC_STRINGS = YES;
				SWIFT_INSTALL_OBJC_HEADER = NO;
				SWIFT_OPTIMIZATION_LEVEL = "-Onone";
				SWIFT_VERSION = 5.0;
				TARGETED_DEVICE_FAMILY = "1,2";
				VERSIONING_SYSTEM = "apple-generic";
				VERSION_INFO_PREFIX = "";
			};
			name = Debug;
		};
		EF5213392D5C65C700AE30E6 /* Release */ = {
			isa = XCBuildConfiguration;
			buildSettings = {
				BUILD_LIBRARY_FOR_DISTRIBUTION = YES;
				CLANG_ENABLE_MODULES = YES;
				CODE_SIGN_STYLE = Automatic;
				CURRENT_PROJECT_VERSION = 1;
				DEFINES_MODULE = YES;
				DEVELOPMENT_TEAM = JA868URLCA;
				DYLIB_COMPATIBILITY_VERSION = 1;
				DYLIB_CURRENT_VERSION = 1;
				DYLIB_INSTALL_NAME_BASE = "@rpath";
				ENABLE_MODULE_VERIFIER = YES;
				GENERATE_INFOPLIST_FILE = YES;
				INFOPLIST_KEY_NSHumanReadableCopyright = "";
				INSTALL_PATH = "$(LOCAL_LIBRARY_DIR)/Frameworks";
				LD_RUNPATH_SEARCH_PATHS = (
					"$(inherited)",
					"@executable_path/Frameworks",
					"@loader_path/Frameworks",
				);
				MARKETING_VERSION = 1.0;
				MODULE_VERIFIER_SUPPORTED_LANGUAGES = "objective-c objective-c++";
				MODULE_VERIFIER_SUPPORTED_LANGUAGE_STANDARDS = "gnu17 gnu++20";
				PRODUCT_BUNDLE_IDENTIFIER = com.SimSangGab.GabSwiftUIKit;
				PRODUCT_NAME = "$(TARGET_NAME:c99extidentifier)";
				SKIP_INSTALL = YES;
				SWIFT_EMIT_LOC_STRINGS = YES;
				SWIFT_INSTALL_OBJC_HEADER = NO;
				SWIFT_VERSION = 5.0;
				TARGETED_DEVICE_FAMILY = "1,2";
				VERSIONING_SYSTEM = "apple-generic";
				VERSION_INFO_PREFIX = "";
			};
			name = Release;
		};
		EF52133B2D5C65C700AE30E6 /* Debug */ = {
			isa = XCBuildConfiguration;
			buildSettings = {
				CODE_SIGN_STYLE = Automatic;
				CURRENT_PROJECT_VERSION = 1;
				DEVELOPMENT_TEAM = JA868URLCA;
				GENERATE_INFOPLIST_FILE = YES;
				MARKETING_VERSION = 1.0;
				PRODUCT_BUNDLE_IDENTIFIER = com.SimSangGab.GabSwiftUIKitTests;
				PRODUCT_NAME = "$(TARGET_NAME)";
				SWIFT_EMIT_LOC_STRINGS = NO;
				SWIFT_VERSION = 5.0;
				TARGETED_DEVICE_FAMILY = "1,2";
			};
			name = Debug;
		};
		EF52133C2D5C65C700AE30E6 /* Release */ = {
			isa = XCBuildConfiguration;
			buildSettings = {
				CODE_SIGN_STYLE = Automatic;
				CURRENT_PROJECT_VERSION = 1;
				DEVELOPMENT_TEAM = JA868URLCA;
				GENERATE_INFOPLIST_FILE = YES;
				MARKETING_VERSION = 1.0;
				PRODUCT_BUNDLE_IDENTIFIER = com.SimSangGab.GabSwiftUIKitTests;
				PRODUCT_NAME = "$(TARGET_NAME)";
				SWIFT_EMIT_LOC_STRINGS = NO;
				SWIFT_VERSION = 5.0;
				TARGETED_DEVICE_FAMILY = "1,2";
			};
			name = Release;
		};
/* End XCBuildConfiguration section */

/* Begin XCConfigurationList section */
		EF5212682D5C64F700AE30E6 /* Build configuration list for PBXProject "GabSwiftUIKit" */ = {
			isa = XCConfigurationList;
			buildConfigurations = (
				EF52128F2D5C64F900AE30E6 /* Debug */,
				EF5212902D5C64F900AE30E6 /* Release */,
			);
			defaultConfigurationIsVisible = 0;
			defaultConfigurationName = Release;
		};
		EF5213372D5C65C700AE30E6 /* Build configuration list for PBXNativeTarget "GabSwiftUIKit" */ = {
			isa = XCConfigurationList;
			buildConfigurations = (
				EF5213382D5C65C700AE30E6 /* Debug */,
				EF5213392D5C65C700AE30E6 /* Release */,
			);
			defaultConfigurationIsVisible = 0;
			defaultConfigurationName = Release;
		};
		EF52133A2D5C65C700AE30E6 /* Build configuration list for PBXNativeTarget "GabSwiftUIKitTests" */ = {
			isa = XCConfigurationList;
			buildConfigurations = (
				EF52133B2D5C65C700AE30E6 /* Debug */,
				EF52133C2D5C65C700AE30E6 /* Release */,
			);
			defaultConfigurationIsVisible = 0;
			defaultConfigurationName = Release;
		};
/* End XCConfigurationList section */
	};
	rootObject = EF5212652D5C64F700AE30E6 /* Project object */;
}
